
Microsoft Visual Studio Solution File, Format Version 12.00
# Visual Studio 15
VisualStudioVersion = 15.0.27703.2026
MinimumVisualStudioVersion = 10.0.40219.1
Project("{FAE04EC0-301F-11D3-BF4B-00C04F79EFBC}") = "GMap.NET.Core", "GMap.NET.Core\GMap.NET.Core.csproj", "{4CA33683-F8E5-4FE1-9B42-99CBF1A092F4}"
EndProject
Project("{FAE04EC0-301F-11D3-BF4B-00C04F79EFBC}") = "GMap.NET.WindowsPresentation", "GMap.NET.WindowsPresentation\GMap.NET.WindowsPresentation.csproj", "{C00AE941-B2A0-47C8-B8F4-B6F1B1B31CA5}"
EndProject
Project("{FAE04EC0-301F-11D3-BF4B-00C04F79EFBC}") = "WpfApp1", "WpfApp1\WpfApp1.csproj", "{6229647F-F3BA-448A-9DB6-72AA1EE7AE2E}"
EndProject
Project("{FAE04EC0-301F-11D3-BF4B-00C04F79EFBC}") = "MapTest", "MapTest\MapTest.csproj", "{2683A822-8BBA-424F-B120-3ACE43A9D970}"
EndProject
Project("{FAE04EC0-301F-11D3-BF4B-00C04F79EFBC}") = "WpfApp2", "WpfApp2\WpfApp2.csproj", "{CD8D8D3E-C6BB-4ACD-9191-2CF968E3FF23}"
EndProject
Global
	GlobalSection(SolutionConfigurationPlatforms) = preSolution
		Debug|Any CPU = Debug|Any CPU
		Release|Any CPU = Release|Any CPU
	EndGlobalSection
	GlobalSection(ProjectConfigurationPlatforms) = postSolution
		{4CA33683-F8E5-4FE1-9B42-99CBF1A092F4}.Debug|Any CPU.ActiveCfg = Debug|Any CPU
		{4CA33683-F8E5-4FE1-9B42-99CBF1A092F4}.Debug|Any CPU.Build.0 = Debug|Any CPU
		{4CA33683-F8E5-4FE1-9B42-99CBF1A092F4}.Release|Any CPU.ActiveCfg = Release|Any CPU
		{4CA33683-F8E5-4FE1-9B42-99CBF1A092F4}.Release|Any CPU.Build.0 = Release|Any CPU
		{C00AE941-B2A0-47C8-B8F4-B6F1B1B31CA5}.Debug|Any CPU.ActiveCfg = Debug|Any CPU
		{C00AE941-B2A0-47C8-B8F4-B6F1B1B31CA5}.Debug|Any CPU.Build.0 = Debug|Any CPU
		{C00AE941-B2A0-47C8-B8F4-B6F1B1B31CA5}.Release|Any CPU.ActiveCfg = Release|Any CPU
		{C00AE941-B2A0-47C8-B8F4-B6F1B1B31CA5}.Release|Any CPU.Build.0 = Release|Any CPU
		{6229647F-F3BA-448A-9DB6-72AA1EE7AE2E}.Debug|Any CPU.ActiveCfg = Debug|Any CPU
		{6229647F-F3BA-448A-9DB6-72AA1EE7AE2E}.Debug|Any CPU.Build.0 = Debug|Any CPU
		{6229647F-F3BA-448A-9DB6-72AA1EE7AE2E}.Release|Any CPU.ActiveCfg = Release|Any CPU
		{6229647F-F3BA-448A-9DB6-72AA1EE7AE2E}.Release|Any CPU.Build.0 = Release|Any CPU
		{2683A822-8BBA-424F-B120-3ACE43A9D970}.Debug|Any CPU.ActiveCfg = Debug|Any CPU
		{2683A822-8BBA-424F-B120-3ACE43A9D970}.Debug|Any CPU.Build.0 = Debug|Any CPU
		{2683A822-8BBA-424F-B120-3ACE43A9D970}.Release|Any CPU.ActiveCfg = Release|Any CPU
		{2683A822-8BBA-424F-B120-3ACE43A9D970}.Release|Any CPU.Build.0 = Release|Any CPU
		{CD8D8D3E-C6BB-4ACD-9191-2CF968E3FF23}.Debug|Any CPU.ActiveCfg = Debug|Any CPU
		{CD8D8D3E-C6BB-4ACD-9191-2CF968E3FF23}.Debug|Any CPU.Build.0 = Debug|Any CPU
		{CD8D8D3E-C6BB-4ACD-9191-2CF968E3FF23}.Release|Any CPU.ActiveCfg = Release|Any CPU
		{CD8D8D3E-C6BB-4ACD-9191-2CF968E3FF23}.Release|Any CPU.Build.0 = Release|Any CPU
	EndGlobalSection
	GlobalSection(SolutionProperties) = preSolution
		HideSolutionNode = FALSE
	EndGlobalSection
	GlobalSection(ExtensibilityGlobals) = postSolution
		SolutionGuid = {645A8F65-3597-4DA7-A7CB-7A7FE794A7AE}
	EndGlobalSection
EndGlobal
